
Microsoft Visual Studio Solution File, Format Version 12.00
Project("{FAE04EC0-301F-11D3-BF4B-00C04F79EFBC}") = "BeautyManager.Shared", "BeautyManager.Shared\BeautyManager.Shared.csproj", "{C83E253B-4BE4-4F65-9F5F-BEAC7A63D997}"
EndProject
Project("{FAE04EC0-301F-11D3-BF4B-00C04F79EFBC}") = "BeautyManager.Web", "BeautyManager.Web\BeautyManager.Web.csproj", "{11D49D7F-5D32-46B8-8E08-020FDB0716CA}"
EndProject
Global
	GlobalSection(SolutionConfigurationPlatforms) = preSolution
		Debug|Any CPU = Debug|Any CPU
		Release|Any CPU = Release|Any CPU
	EndGlobalSection
	GlobalSection(ProjectConfigurationPlatforms) = postSolution
		{C83E253B-4BE4-4F65-9F5F-BEAC7A63D997}.Debug|Any CPU.ActiveCfg = Debug|Any CPU
		{C83E253B-4BE4-4F65-9F5F-BEAC7A63D997}.Debug|Any CPU.Build.0 = Debug|Any CPU
		{C83E253B-4BE4-4F65-9F5F-BEAC7A63D997}.Release|Any CPU.ActiveCfg = Release|Any CPU
		{C83E253B-4BE4-4F65-9F5F-BEAC7A63D997}.Release|Any CPU.Build.0 = Release|Any CPU
		{11D49D7F-5D32-46B8-8E08-020FDB0716CA}.Debug|Any CPU.ActiveCfg = Debug|Any CPU
		{11D49D7F-5D32-46B8-8E08-020FDB0716CA}.Debug|Any CPU.Build.0 = Debug|Any CPU
		{11D49D7F-5D32-46B8-8E08-020FDB0716CA}.Release|Any CPU.ActiveCfg = Release|Any CPU
		{11D49D7F-5D32-46B8-8E08-020FDB0716CA}.Release|Any CPU.Build.0 = Release|Any CPU
	EndGlobalSection
EndGlobal
